
Microsoft Visual Studio Solution File, Format Version 12.00
# Visual Studio Version 16
VisualStudioVersion = 16.0.30717.126
MinimumVisualStudioVersion = 15.0.26124.0
Project("{9A19103F-16F7-4668-BE54-9A1E7A4F7556}") = "API", "src\API\API.csproj", "{89ED8B13-A798-48B5-A80A-7EC4CF5C9A13}"
EndProject
Project("{9A19103F-16F7-4668-BE54-9A1E7A4F7556}") = "Identity", "src\Identity\Identity.csproj", "{66E5592C-050F-4E3C-892C-8F4B02E63590}"
EndProject
Project("{FAE04EC0-301F-11D3-BF4B-00C04F79EFBC}") = "Identity.Tests", "tests\Identity.Tests\Identity.Tests.csproj", "{A8BA311A-90D5-4942-98D2-476DD5662EE6}"
EndProject
Global
	GlobalSection(SolutionConfigurationPlatforms) = preSolution
		Debug|Any CPU = Debug|Any CPU
		Debug|x64 = Debug|x64
		Debug|x86 = Debug|x86
		Release|Any CPU = Release|Any CPU
		Release|x64 = Release|x64
		Release|x86 = Release|x86
	EndGlobalSection
	GlobalSection(ProjectConfigurationPlatforms) = postSolution
		{89ED8B13-A798-48B5-A80A-7EC4CF5C9A13}.Debug|Any CPU.ActiveCfg = Debug|Any CPU
		{89ED8B13-A798-48B5-A80A-7EC4CF5C9A13}.Debug|Any CPU.Build.0 = Debug|Any CPU
		{89ED8B13-A798-48B5-A80A-7EC4CF5C9A13}.Debug|x64.ActiveCfg = Debug|Any CPU
		{89ED8B13-A798-48B5-A80A-7EC4CF5C9A13}.Debug|x64.Build.0 = Debug|Any CPU
		{89ED8B13-A798-48B5-A80A-7EC4CF5C9A13}.Debug|x86.ActiveCfg = Debug|Any CPU
		{89ED8B13-A798-48B5-A80A-7EC4CF5C9A13}.Debug|x86.Build.0 = Debug|Any CPU
		{89ED8B13-A798-48B5-A80A-7EC4CF5C9A13}.Release|Any CPU.ActiveCfg = Release|Any CPU
		{89ED8B13-A798-48B5-A80A-7EC4CF5C9A13}.Release|Any CPU.Build.0 = Release|Any CPU
		{89ED8B13-A798-48B5-A80A-7EC4CF5C9A13}.Release|x64.ActiveCfg = Release|Any CPU
		{89ED8B13-A798-48B5-A80A-7EC4CF5C9A13}.Release|x64.Build.0 = Release|Any CPU
		{89ED8B13-A798-48B5-A80A-7EC4CF5C9A13}.Release|x86.ActiveCfg = Release|Any CPU
		{89ED8B13-A798-48B5-A80A-7EC4CF5C9A13}.Release|x86.Build.0 = Release|Any CPU
		{66E5592C-050F-4E3C-892C-8F4B02E63590}.Debug|Any CPU.ActiveCfg = Debug|Any CPU
		{66E5592C-050F-4E3C-892C-8F4B02E63590}.Debug|Any CPU.Build.0 = Debug|Any CPU
		{66E5592C-050F-4E3C-892C-8F4B02E63590}.Debug|x64.ActiveCfg = Debug|Any CPU
		{66E5592C-050F-4E3C-892C-8F4B02E63590}.Debug|x64.Build.0 = Debug|Any CPU
		{66E5592C-050F-4E3C-892C-8F4B02E63590}.Debug|x86.ActiveCfg = Debug|Any CPU
		{66E5592C-050F-4E3C-892C-8F4B02E63590}.Debug|x86.Build.0 = Debug|Any CPU
		{66E5592C-050F-4E3C-892C-8F4B02E63590}.Release|Any CPU.ActiveCfg = Release|Any CPU
		{66E5592C-050F-4E3C-892C-8F4B02E63590}.Release|Any CPU.Build.0 = Release|Any CPU
		{66E5592C-050F-4E3C-892C-8F4B02E63590}.Release|x64.ActiveCfg = Release|Any CPU
		{66E5592C-050F-4E3C-892C-8F4B02E63590}.Release|x64.Build.0 = Release|Any CPU
		{66E5592C-050F-4E3C-892C-8F4B02E63590}.Release|x86.ActiveCfg = Release|Any CPU
		{66E5592C-050F-4E3C-892C-8F4B02E63590}.Release|x86.Build.0 = Release|Any CPU
		{A8BA311A-90D5-4942-98D2-476DD5662EE6}.Debug|Any CPU.ActiveCfg = Debug|Any CPU
		{A8BA311A-90D5-4942-98D2-476DD5662EE6}.Debug|Any CPU.Build.0 = Debug|Any CPU
		{A8BA311A-90D5-4942-98D2-476DD5662EE6}.Debug|x64.ActiveCfg = Debug|Any CPU
		{A8BA311A-90D5-4942-98D2-476DD5662EE6}.Debug|x64.Build.0 = Debug|Any CPU
		{A8BA311A-90D5-4942-98D2-476DD5662EE6}.Debug|x86.ActiveCfg = Debug|Any CPU
		{A8BA311A-90D5-4942-98D2-476DD5662EE6}.Debug|x86.Build.0 = Debug|Any CPU
		{A8BA311A-90D5-4942-98D2-476DD5662EE6}.Release|Any CPU.ActiveCfg = Release|Any CPU
		{A8BA311A-90D5-4942-98D2-476DD5662EE6}.Release|Any CPU.Build.0 = Release|Any CPU
		{A8BA311A-90D5-4942-98D2-476DD5662EE6}.Release|x64.ActiveCfg = Release|Any CPU
		{A8BA311A-90D5-4942-98D2-476DD5662EE6}.Release|x64.Build.0 = Release|Any CPU
		{A8BA311A-90D5-4942-98D2-476DD5662EE6}.Release|x86.ActiveCfg = Release|Any CPU
		{A8BA311A-90D5-4942-98D2-476DD5662EE6}.Release|x86.Build.0 = Release|Any CPU
	EndGlobalSection
	GlobalSection(SolutionProperties) = preSolution
		HideSolutionNode = FALSE
	EndGlobalSection
	GlobalSection(ExtensibilityGlobals) = postSolution
		SolutionGuid = {4D813568-473A-4DCE-816F-C057CD93B2E4}
	EndGlobalSection
EndGlobal
